<?xml version="1.0" encoding="utf-8"?>
<Project ToolsVersion="4.0" xmlns="http://schemas.microsoft.com/developer/msbuild/2003">
  <ItemGroup>
    <Filter Include="ソース ファイル">
      <UniqueIdentifier>{4FC737F1-C7A5-4376-A066-2A32D752A2FF}</UniqueIdentifier>
      <Extensions>cpp;c;cc;cxx;def;odl;idl;hpj;bat;asm;asmx</Extensions>
    </Filter>
    <Filter Include="ヘッダー ファイル">
      <UniqueIdentifier>{93995380-89BD-4b04-88EB-625FBE52EBFB}</UniqueIdentifier>
      <Extensions>h;hh;hpp;hxx;hm;inl;inc;xsd</Extensions>
    </Filter>
    <Filter Include="リソース ファイル">
      <UniqueIdentifier>{67DA6AB6-F800-4c08-8B7A-83BB121AAD01}</UniqueIdentifier>
      <Extensions>rc;ico;cur;bmp;dlg;rc2;rct;bin;rgs;gif;jpg;jpeg;jpe;resx;tiff;tif;png;wav;mfcribbon-ms</Extensions>
    </Filter>
    <Filter Include="ソース ファイル\boost">
      <UniqueIdentifier>{9c571f86-07ba-4a42-8519-27e1d4418aa5}</UniqueIdentifier>
    </Filter>
    <Filter Include="ソース ファイル\boost\backtrace">
      <UniqueIdentifier>{6e3dedef-c118-4b38-a25f-0f83a71461bd}</UniqueIdentifier>
    </Filter>
    <Filter Include="ヘッダー ファイル\boost">
      <UniqueIdentifier>{c5d8f752-ffcb-4e5c-a777-ff40463ba207}</UniqueIdentifier>
    </Filter>
  </ItemGroup>
  <ItemGroup>
    <ClCompile Include="src\main.cpp">
      <Filter>ソース ファイル</Filter>
    </ClCompile>
    <ClCompile Include="boost\backtrace\src\backtrace.cpp">
      <Filter>ソース ファイル\boost\backtrace</Filter>
    </ClCompile>
  </ItemGroup>
  <ItemGroup>
    <ClInclude Include="boost\backtrace.hpp">
      <Filter>ヘッダー ファイル\boost</Filter>
    </ClInclude>
  </ItemGroup>
</Project>