
Microsoft Visual Studio Solution File, Format Version 12.00
# Visual Studio 2013
VisualStudioVersion = 12.0.21005.1
MinimumVisualStudioVersion = 10.0.40219.1
Project("{8BC9CEB8-8B4A-11D0-8D11-00A0C91BC942}") = "rb_tree", "rb_tree.vcxproj", "{A51495A0-1265-48D1-ABBB-AC2723F1BE7C}"
EndProject
Global
	GlobalSection(SolutionConfigurationPlatforms) = preSolution
		Debug|Win32 = Debug|Win32
		Release|Win32 = Release|Win32
	EndGlobalSection
	GlobalSection(ProjectConfigurationPlatforms) = postSolution
		{A51495A0-1265-48D1-ABBB-AC2723F1BE7C}.Debug|Win32.ActiveCfg = Debug|Win32
		{A51495A0-1265-48D1-ABBB-AC2723F1BE7C}.Debug|Win32.Build.0 = Debug|Win32
		{A51495A0-1265-48D1-ABBB-AC2723F1BE7C}.Release|Win32.ActiveCfg = Release|Win32
		{A51495A0-1265-48D1-ABBB-AC2723F1BE7C}.Release|Win32.Build.0 = Release|Win32
	EndGlobalSection
	GlobalSection(SolutionProperties) = preSolution
		HideSolutionNode = FALSE
	EndGlobalSection
EndGlobal
